
Microsoft Visual Studio Solution File, Format Version 12.00
# Visual Studio 2013
VisualStudioVersion = 12.0.30110.0
MinimumVisualStudioVersion = 10.0.40219.1
Project("{FAE04EC0-301F-11D3-BF4B-00C04F79EFBC}") = "DataLayer", "DataLayer\DataLayer.csproj", "{9B931CF2-515A-4F97-A390-43668CBB7489}"
EndProject
Project("{FAE04EC0-301F-11D3-BF4B-00C04F79EFBC}") = "BusinessLayer", "BusinessLayer\BusinessLayer.csproj", "{3EA508F9-51B7-4C36-80C6-8E05469DAF46}"
EndProject
Project("{FAE04EC0-301F-11D3-BF4B-00C04F79EFBC}") = "WebHost", "ServiceLayer\WebHost.csproj", "{ADD2411B-C7A4-49B0-B04F-456A32CA7A2E}"
EndProject
Project("{2150E333-8FDC-42A3-9474-1A3956D46DE8}") = "Client", "Client", "{CB63BC47-5FF3-4748-B390-735B97507BD7}"
EndProject
Project("{2150E333-8FDC-42A3-9474-1A3956D46DE8}") = "Shared", "Shared", "{8598483E-01C4-48CD-B68F-9BCEEBF89C57}"
EndProject
Project("{2150E333-8FDC-42A3-9474-1A3956D46DE8}") = "Modules", "Modules", "{44C3ADF1-E539-492B-AC25-3E8BC2AB6D46}"
EndProject
Project("{2150E333-8FDC-42A3-9474-1A3956D46DE8}") = "Services", "Services", "{EACCDAEF-4B96-4015-8574-070FD07D55D2}"
EndProject
Project("{2150E333-8FDC-42A3-9474-1A3956D46DE8}") = "Shell", "Shell", "{CF71900F-A7DB-4BDB-898B-EEE17EE8D64E}"
EndProject
Project("{FAE04EC0-301F-11D3-BF4B-00C04F79EFBC}") = "Contracts", "Client\Contracts\Contracts.csproj", "{66B558EE-25C2-4BAC-A224-7223EF256BD9}"
EndProject
Project("{FAE04EC0-301F-11D3-BF4B-00C04F79EFBC}") = "SharedUI", "Client\SharedUI\SharedUI.csproj", "{E8C351C2-7352-478F-95DA-88B9C73765BC}"
EndProject
Project("{FAE04EC0-301F-11D3-BF4B-00C04F79EFBC}") = "ModuleDiscoveryService", "Client\Services\ModuleDiscoveryService\ModuleDiscoveryService.csproj", "{8AA946D7-9A4F-4929-A08A-75D30F9C8654}"
EndProject
Project("{FAE04EC0-301F-11D3-BF4B-00C04F79EFBC}") = "SessionService", "Client\Services\SessionService\SessionService.csproj", "{8015F071-009A-41A6-AE95-4CE1CF6EA2E9}"
EndProject
Project("{FAE04EC0-301F-11D3-BF4B-00C04F79EFBC}") = "Shell", "Client\Shell\Shell.csproj", "{360E6DE3-44FA-401C-9D58-44134B344F2C}"
EndProject
Project("{FAE04EC0-301F-11D3-BF4B-00C04F79EFBC}") = "RatingModule", "Client\Modules\RatingModule\RatingModule.csproj", "{FDCC3FBE-EC41-4E60-B3AC-C82E7FF83D0F}"
EndProject
Project("{FAE04EC0-301F-11D3-BF4B-00C04F79EFBC}") = "ScheduleModule", "Client\Modules\ScheduleModule\ScheduleModule.csproj", "{F8FEFD2C-41D7-4DB9-9D0B-424FA5693B20}"
EndProject
Project("{FAE04EC0-301F-11D3-BF4B-00C04F79EFBC}") = "SessionModule", "Client\Modules\SessionModule\SessionModule.csproj", "{D2CA56EF-3267-4606-9BEE-6D8A4BA78CA9}"
EndProject
Project("{FAE04EC0-301F-11D3-BF4B-00C04F79EFBC}") = "SpeakerModule", "Client\Modules\SpeakerModule\SpeakerModule.csproj", "{F3119FA9-0FA8-4783-92C1-27B6C8480C14}"
EndProject
Global
	GlobalSection(SolutionConfigurationPlatforms) = preSolution
		Debug|Any CPU = Debug|Any CPU
		Release|Any CPU = Release|Any CPU
	EndGlobalSection
	GlobalSection(ProjectConfigurationPlatforms) = postSolution
		{9B931CF2-515A-4F97-A390-43668CBB7489}.Debug|Any CPU.ActiveCfg = Debug|Any CPU
		{9B931CF2-515A-4F97-A390-43668CBB7489}.Debug|Any CPU.Build.0 = Debug|Any CPU
		{9B931CF2-515A-4F97-A390-43668CBB7489}.Release|Any CPU.ActiveCfg = Release|Any CPU
		{9B931CF2-515A-4F97-A390-43668CBB7489}.Release|Any CPU.Build.0 = Release|Any CPU
		{3EA508F9-51B7-4C36-80C6-8E05469DAF46}.Debug|Any CPU.ActiveCfg = Debug|Any CPU
		{3EA508F9-51B7-4C36-80C6-8E05469DAF46}.Debug|Any CPU.Build.0 = Debug|Any CPU
		{3EA508F9-51B7-4C36-80C6-8E05469DAF46}.Release|Any CPU.ActiveCfg = Release|Any CPU
		{3EA508F9-51B7-4C36-80C6-8E05469DAF46}.Release|Any CPU.Build.0 = Release|Any CPU
		{ADD2411B-C7A4-49B0-B04F-456A32CA7A2E}.Debug|Any CPU.ActiveCfg = Debug|Any CPU
		{ADD2411B-C7A4-49B0-B04F-456A32CA7A2E}.Debug|Any CPU.Build.0 = Debug|Any CPU
		{ADD2411B-C7A4-49B0-B04F-456A32CA7A2E}.Release|Any CPU.ActiveCfg = Release|Any CPU
		{ADD2411B-C7A4-49B0-B04F-456A32CA7A2E}.Release|Any CPU.Build.0 = Release|Any CPU
		{66B558EE-25C2-4BAC-A224-7223EF256BD9}.Debug|Any CPU.ActiveCfg = Debug|Any CPU
		{66B558EE-25C2-4BAC-A224-7223EF256BD9}.Debug|Any CPU.Build.0 = Debug|Any CPU
		{66B558EE-25C2-4BAC-A224-7223EF256BD9}.Release|Any CPU.ActiveCfg = Release|Any CPU
		{66B558EE-25C2-4BAC-A224-7223EF256BD9}.Release|Any CPU.Build.0 = Release|Any CPU
		{E8C351C2-7352-478F-95DA-88B9C73765BC}.Debug|Any CPU.ActiveCfg = Debug|Any CPU
		{E8C351C2-7352-478F-95DA-88B9C73765BC}.Debug|Any CPU.Build.0 = Debug|Any CPU
		{E8C351C2-7352-478F-95DA-88B9C73765BC}.Release|Any CPU.ActiveCfg = Release|Any CPU
		{E8C351C2-7352-478F-95DA-88B9C73765BC}.Release|Any CPU.Build.0 = Release|Any CPU
		{8AA946D7-9A4F-4929-A08A-75D30F9C8654}.Debug|Any CPU.ActiveCfg = Debug|Any CPU
		{8AA946D7-9A4F-4929-A08A-75D30F9C8654}.Debug|Any CPU.Build.0 = Debug|Any CPU
		{8AA946D7-9A4F-4929-A08A-75D30F9C8654}.Release|Any CPU.ActiveCfg = Release|Any CPU
		{8AA946D7-9A4F-4929-A08A-75D30F9C8654}.Release|Any CPU.Build.0 = Release|Any CPU
		{8015F071-009A-41A6-AE95-4CE1CF6EA2E9}.Debug|Any CPU.ActiveCfg = Debug|Any CPU
		{8015F071-009A-41A6-AE95-4CE1CF6EA2E9}.Debug|Any CPU.Build.0 = Debug|Any CPU
		{8015F071-009A-41A6-AE95-4CE1CF6EA2E9}.Release|Any CPU.ActiveCfg = Release|Any CPU
		{8015F071-009A-41A6-AE95-4CE1CF6EA2E9}.Release|Any CPU.Build.0 = Release|Any CPU
		{360E6DE3-44FA-401C-9D58-44134B344F2C}.Debug|Any CPU.ActiveCfg = Debug|Any CPU
		{360E6DE3-44FA-401C-9D58-44134B344F2C}.Debug|Any CPU.Build.0 = Debug|Any CPU
		{360E6DE3-44FA-401C-9D58-44134B344F2C}.Release|Any CPU.ActiveCfg = Release|Any CPU
		{360E6DE3-44FA-401C-9D58-44134B344F2C}.Release|Any CPU.Build.0 = Release|Any CPU
		{FDCC3FBE-EC41-4E60-B3AC-C82E7FF83D0F}.Debug|Any CPU.ActiveCfg = Debug|Any CPU
		{FDCC3FBE-EC41-4E60-B3AC-C82E7FF83D0F}.Debug|Any CPU.Build.0 = Debug|Any CPU
		{FDCC3FBE-EC41-4E60-B3AC-C82E7FF83D0F}.Release|Any CPU.ActiveCfg = Release|Any CPU
		{FDCC3FBE-EC41-4E60-B3AC-C82E7FF83D0F}.Release|Any CPU.Build.0 = Release|Any CPU
		{F8FEFD2C-41D7-4DB9-9D0B-424FA5693B20}.Debug|Any CPU.ActiveCfg = Debug|Any CPU
		{F8FEFD2C-41D7-4DB9-9D0B-424FA5693B20}.Debug|Any CPU.Build.0 = Debug|Any CPU
		{F8FEFD2C-41D7-4DB9-9D0B-424FA5693B20}.Release|Any CPU.ActiveCfg = Release|Any CPU
		{F8FEFD2C-41D7-4DB9-9D0B-424FA5693B20}.Release|Any CPU.Build.0 = Release|Any CPU
		{D2CA56EF-3267-4606-9BEE-6D8A4BA78CA9}.Debug|Any CPU.ActiveCfg = Debug|Any CPU
		{D2CA56EF-3267-4606-9BEE-6D8A4BA78CA9}.Debug|Any CPU.Build.0 = Debug|Any CPU
		{D2CA56EF-3267-4606-9BEE-6D8A4BA78CA9}.Release|Any CPU.ActiveCfg = Release|Any CPU
		{D2CA56EF-3267-4606-9BEE-6D8A4BA78CA9}.Release|Any CPU.Build.0 = Release|Any CPU
		{F3119FA9-0FA8-4783-92C1-27B6C8480C14}.Debug|Any CPU.ActiveCfg = Debug|Any CPU
		{F3119FA9-0FA8-4783-92C1-27B6C8480C14}.Debug|Any CPU.Build.0 = Debug|Any CPU
		{F3119FA9-0FA8-4783-92C1-27B6C8480C14}.Release|Any CPU.ActiveCfg = Release|Any CPU
		{F3119FA9-0FA8-4783-92C1-27B6C8480C14}.Release|Any CPU.Build.0 = Release|Any CPU
	EndGlobalSection
	GlobalSection(SolutionProperties) = preSolution
		HideSolutionNode = FALSE
	EndGlobalSection
	GlobalSection(NestedProjects) = preSolution
		{8598483E-01C4-48CD-B68F-9BCEEBF89C57} = {CB63BC47-5FF3-4748-B390-735B97507BD7}
		{44C3ADF1-E539-492B-AC25-3E8BC2AB6D46} = {CB63BC47-5FF3-4748-B390-735B97507BD7}
		{EACCDAEF-4B96-4015-8574-070FD07D55D2} = {CB63BC47-5FF3-4748-B390-735B97507BD7}
		{CF71900F-A7DB-4BDB-898B-EEE17EE8D64E} = {CB63BC47-5FF3-4748-B390-735B97507BD7}
		{66B558EE-25C2-4BAC-A224-7223EF256BD9} = {8598483E-01C4-48CD-B68F-9BCEEBF89C57}
		{E8C351C2-7352-478F-95DA-88B9C73765BC} = {8598483E-01C4-48CD-B68F-9BCEEBF89C57}
		{FDCC3FBE-EC41-4E60-B3AC-C82E7FF83D0F} = {44C3ADF1-E539-492B-AC25-3E8BC2AB6D46}
		{F8FEFD2C-41D7-4DB9-9D0B-424FA5693B20} = {44C3ADF1-E539-492B-AC25-3E8BC2AB6D46}
		{D2CA56EF-3267-4606-9BEE-6D8A4BA78CA9} = {44C3ADF1-E539-492B-AC25-3E8BC2AB6D46}
		{F3119FA9-0FA8-4783-92C1-27B6C8480C14} = {44C3ADF1-E539-492B-AC25-3E8BC2AB6D46}
		{8AA946D7-9A4F-4929-A08A-75D30F9C8654} = {EACCDAEF-4B96-4015-8574-070FD07D55D2}
		{8015F071-009A-41A6-AE95-4CE1CF6EA2E9} = {EACCDAEF-4B96-4015-8574-070FD07D55D2}
		{360E6DE3-44FA-401C-9D58-44134B344F2C} = {CF71900F-A7DB-4BDB-898B-EEE17EE8D64E}
	EndGlobalSection
EndGlobal
